// !$*UTF8*$!
{
	archiveVersion = 1;
	classes = {
	};
	objectVersion = 50;
	objects = {

/* Begin PBXBuildFile section */
		932EE7C8B16E6B6216B57C14 /* Pods_Swift_autolayout_example.framework in Frameworks */ = {isa = PBXBuildFile; fileRef = 62A9F903CB037BC983616254 /* Pods_Swift_autolayout_example.framework */; };
		FBD0255F210391EE0015593F /* AppDelegate.swift in Sources */ = {isa = PBXBuildFile; fileRef = FBD0255E210391EE0015593F /* AppDelegate.swift */; };
		FBD02561210391EF0015593F /* ViewController.swift in Sources */ = {isa = PBXBuildFile; fileRef = FBD02560210391EF0015593F /* ViewController.swift */; };
		FBD02566210391F00015593F /* Assets.xcassets in Resources */ = {isa = PBXBuildFile; fileRef = FBD02565210391F00015593F /* Assets.xcassets */; };
		FBD02569210391F00015593F /* LaunchScreen.storyboard in Resources */ = {isa = PBXBuildFile; fileRef = FBD02567210391F00015593F /* LaunchScreen.storyboard */; };
		FBD025722103969C0015593F /* UIView+AppUIBuilder.swift in Sources */ = {isa = PBXBuildFile; fileRef = FBD025712103969C0015593F /* UIView+AppUIBuilder.swift */; };
		FBD02574210397BE0015593F /* AppConstants.swift in Sources */ = {isa = PBXBuildFile; fileRef = FBD02573210397BE0015593F /* AppConstants.swift */; };
		FBD0257721039C820015593F /* Main.storyboard in Resources */ = {isa = PBXBuildFile; fileRef = FBD0257621039C810015593F /* Main.storyboard */; };
/* End PBXBuildFile section */

/* Begin PBXFileReference section */
		47B95C65378DBDDA5BCDCD65 /* Pods-Swift autolayout example.debug.xcconfig */ = {isa = PBXFileReference; includeInIndex = 1; lastKnownFileType = text.xcconfig; name = "Pods-Swift autolayout example.debug.xcconfig"; path = "Pods/Target Support Files/Pods-Swift autolayout example/Pods-Swift autolayout example.debug.xcconfig"; sourceTree = "<group>"; };
		52C7B4559B95A1DD837CD380 /* Pods-Swift autolayout example.release.xcconfig */ = {isa = PBXFileReference; includeInIndex = 1; lastKnownFileType = text.xcconfig; name = "Pods-Swift autolayout example.release.xcconfig"; path = "Pods/Target Support Files/Pods-Swift autolayout example/Pods-Swift autolayout example.release.xcconfig"; sourceTree = "<group>"; };
		62A9F903CB037BC983616254 /* Pods_Swift_autolayout_example.framework */ = {isa = PBXFileReference; explicitFileType = wrapper.framework; includeInIndex = 0; path = Pods_Swift_autolayout_example.framework; sourceTree = BUILT_PRODUCTS_DIR; };
		FBD0255B210391EE0015593F /* Swift autolayout example.app */ = {isa = PBXFileReference; explicitFileType = wrapper.application; includeInIndex = 0; path = "Swift autolayout example.app"; sourceTree = BUILT_PRODUCTS_DIR; };
		FBD0255E210391EE0015593F /* AppDelegate.swift */ = {isa = PBXFileReference; lastKnownFileType = sourcecode.swift; path = AppDelegate.swift; sourceTree = "<group>"; };
		FBD02560210391EF0015593F /* ViewController.swift */ = {isa = PBXFileReference; lastKnownFileType = sourcecode.swift; path = ViewController.swift; sourceTree = "<group>"; };
		FBD02565210391F00015593F /* Assets.xcassets */ = {isa = PBXFileReference; lastKnownFileType = folder.assetcatalog; path = Assets.xcassets; sourceTree = "<group>"; };
		FBD02568210391F00015593F /* Base */ = {isa = PBXFileReference; lastKnownFileType = file.storyboard; name = Base; path = Base.lproj/LaunchScreen.storyboard; sourceTree = "<group>"; };
		FBD0256A210391F00015593F /* Info.plist */ = {isa = PBXFileReference; lastKnownFileType = text.plist.xml; path = Info.plist; sourceTree = "<group>"; };
		FBD025712103969C0015593F /* UIView+AppUIBuilder.swift */ = {isa = PBXFileReference; lastKnownFileType = sourcecode.swift; path = "UIView+AppUIBuilder.swift"; sourceTree = "<group>"; };
		FBD02573210397BE0015593F /* AppConstants.swift */ = {isa = PBXFileReference; lastKnownFileType = sourcecode.swift; path = AppConstants.swift; sourceTree = "<group>"; };
		FBD0257621039C810015593F /* Main.storyboard */ = {isa = PBXFileReference; fileEncoding = 4; lastKnownFileType = file.storyboard; path = Main.storyboard; sourceTree = "<group>"; };
/* End PBXFileReference section */

/* Begin PBXFrameworksBuildPhase section */
		FBD02558210391EE0015593F /* Frameworks */ = {
			isa = PBXFrameworksBuildPhase;
			buildActionMask = 2147483647;
			files = (
				932EE7C8B16E6B6216B57C14 /* Pods_Swift_autolayout_example.framework in Frameworks */,
			);
			runOnlyForDeploymentPostprocessing = 0;
		};
/* End PBXFrameworksBuildPhase section */

/* Begin PBXGroup section */
		4B0F33722FE1100B76051B34 /* Frameworks */ = {
			isa = PBXGroup;
			children = (
				62A9F903CB037BC983616254 /* Pods_Swift_autolayout_example.framework */,
			);
			name = Frameworks;
			sourceTree = "<group>";
		};
		50B3657F7296F150E6680E10 /* Pods */ = {
			isa = PBXGroup;
			children = (
				47B95C65378DBDDA5BCDCD65 /* Pods-Swift autolayout example.debug.xcconfig */,
				52C7B4559B95A1DD837CD380 /* Pods-Swift autolayout example.release.xcconfig */,
			);
			name = Pods;
			sourceTree = "<group>";
		};
		FBD02552210391EE0015593F = {
			isa = PBXGroup;
			children = (
				FBD0255D210391EE0015593F /* Swift autolayout example */,
				FBD0255C210391EE0015593F /* Products */,
				50B3657F7296F150E6680E10 /* Pods */,
				4B0F33722FE1100B76051B34 /* Frameworks */,
			);
			sourceTree = "<group>";
		};
		FBD0255C210391EE0015593F /* Products */ = {
			isa = PBXGroup;
			children = (
				FBD0255B210391EE0015593F /* Swift autolayout example.app */,
			);
			name = Products;
			sourceTree = "<group>";
		};
		FBD0255D210391EE0015593F /* Swift autolayout example */ = {
			isa = PBXGroup;
			children = (
				FBD0255E210391EE0015593F /* AppDelegate.swift */,
				FBD02573210397BE0015593F /* AppConstants.swift */,
				FBD02575210397CA0015593F /* Views */,
				FBD02570210394F90015593F /* Extensions */,
				FBD02565210391F00015593F /* Assets.xcassets */,
				FBD0257621039C810015593F /* Main.storyboard */,
				FBD02567210391F00015593F /* LaunchScreen.storyboard */,
				FBD0256A210391F00015593F /* Info.plist */,
			);
			path = "Swift autolayout example";
			sourceTree = "<group>";
		};
		FBD02570210394F90015593F /* Extensions */ = {
			isa = PBXGroup;
			children = (
				FBD025712103969C0015593F /* UIView+AppUIBuilder.swift */,
			);
			path = Extensions;
			sourceTree = "<group>";
		};
		FBD02575210397CA0015593F /* Views */ = {
			isa = PBXGroup;
			children = (
				FBD02560210391EF0015593F /* ViewController.swift */,
			);
			path = Views;
			sourceTree = "<group>";
		};
/* End PBXGroup section */

/* Begin PBXNativeTarget section */
		FBD0255A210391EE0015593F /* Swift autolayout example */ = {
			isa = PBXNativeTarget;
			buildConfigurationList = FBD0256D210391F00015593F /* Build configuration list for PBXNativeTarget "Swift autolayout example" */;
			buildPhases = (
				84EC09C07567FE8F30B0237F /* [CP] Check Pods Manifest.lock */,
				FBD02557210391EE0015593F /* Sources */,
				FBD02558210391EE0015593F /* Frameworks */,
				FBD02559210391EE0015593F /* Resources */,
				3E29DC50B27CBE36E995BB83 /* [CP] Embed Pods Frameworks */,
			);
			buildRules = (
			);
			dependencies = (
			);
			name = "Swift autolayout example";
			productName = "Swift autolayout example";
			productReference = FBD0255B210391EE0015593F /* Swift autolayout example.app */;
			productType = "com.apple.product-type.application";
		};
/* End PBXNativeTarget section */

/* Begin PBXProject section */
		FBD02553210391EE0015593F /* Project object */ = {
			isa = PBXProject;
			attributes = {
				LastSwiftUpdateCheck = 0940;
				LastUpgradeCheck = 0940;
				ORGANIZATIONNAME = "Haider Ashfaq";
				TargetAttributes = {
					FBD0255A210391EE0015593F = {
						CreatedOnToolsVersion = 9.4;
					};
				};
			};
			buildConfigurationList = FBD02556210391EE0015593F /* Build configuration list for PBXProject "Swift autolayout example" */;
			compatibilityVersion = "Xcode 9.3";
			developmentRegion = en;
			hasScannedForEncodings = 0;
			knownRegions = (
				en,
				Base,
			);
			mainGroup = FBD02552210391EE0015593F;
			productRefGroup = FBD0255C210391EE0015593F /* Products */;
			projectDirPath = "";
			projectRoot = "";
			targets = (
				FBD0255A210391EE0015593F /* Swift autolayout example */,
			);
		};
/* End PBXProject section */

/* Begin PBXResourcesBuildPhase section */
		FBD02559210391EE0015593F /* Resources */ = {
			isa = PBXResourcesBuildPhase;
			buildActionMask = 2147483647;
			files = (
				FBD0257721039C820015593F /* Main.storyboard in Resources */,
				FBD02569210391F00015593F /* LaunchScreen.storyboard in Resources */,
				FBD02566210391F00015593F /* Assets.xcassets in Resources */,
			);
			runOnlyForDeploymentPostprocessing = 0;
		};
/* End PBXResourcesBuildPhase section */

/* Begin PBXShellScriptBuildPhase section */
		3E29DC50B27CBE36E995BB83 /* [CP] Embed Pods Frameworks */ = {
			isa = PBXShellScriptBuildPhase;
			buildActionMask = 2147483647;
			files = (
			);
			inputPaths = (
				"${SRCROOT}/Pods/Target Support Files/Pods-Swift autolayout example/Pods-Swift autolayout example-frameworks.sh",
				"${BUILT_PRODUCTS_DIR}/PureLayout/PureLayout.framework",
			);
			name = "[CP] Embed Pods Frameworks";
			outputPaths = (
				"${TARGET_BUILD_DIR}/${FRAMEWORKS_FOLDER_PATH}/PureLayout.framework",
			);
			runOnlyForDeploymentPostprocessing = 0;
			shellPath = /bin/sh;
			shellScript = "\"${SRCROOT}/Pods/Target Support Files/Pods-Swift autolayout example/Pods-Swift autolayout example-frameworks.sh\"\n";
			showEnvVarsInLog = 0;
		};
		84EC09C07567FE8F30B0237F /* [CP] Check Pods Manifest.lock */ = {
			isa = PBXShellScriptBuildPhase;
			buildActionMask = 2147483647;
			files = (
			);
			inputPaths = (
				"${PODS_PODFILE_DIR_PATH}/Podfile.lock",
				"${PODS_ROOT}/Manifest.lock",
			);
			name = "[CP] Check Pods Manifest.lock";
			outputPaths = (
				"$(DERIVED_FILE_DIR)/Pods-Swift autolayout example-checkManifestLockResult.txt",
			);
			runOnlyForDeploymentPostprocessing = 0;
			shellPath = /bin/sh;
			shellScript = "diff \"${PODS_PODFILE_DIR_PATH}/Podfile.lock\" \"${PODS_ROOT}/Manifest.lock\" > /dev/null\nif [ $? != 0 ] ; then\n    # print error to STDERR\n    echo \"error: The sandbox is not in sync with the Podfile.lock. Run 'pod install' or update your CocoaPods installation.\" >&2\n    exit 1\nfi\n# This output is used by Xcode 'outputs' to avoid re-running this script phase.\necho \"SUCCESS\" > \"${SCRIPT_OUTPUT_FILE_0}\"\n";
			showEnvVarsInLog = 0;
		};
/* End PBXShellScriptBuildPhase section */

/* Begin PBXSourcesBuildPhase section */
		FBD02557210391EE0015593F /* Sources */ = {
			isa = PBXSourcesBuildPhase;
			buildActionMask = 2147483647;
			files = (
				FBD02561210391EF0015593F /* ViewController.swift in Sources */,
				FBD025722103969C0015593F /* UIView+AppUIBuilder.swift in Sources */,
				FBD0255F210391EE0015593F /* AppDelegate.swift in Sources */,
				FBD02574210397BE0015593F /* AppConstants.swift in Sources */,
			);
			runOnlyForDeploymentPostprocessing = 0;
		};
/* End PBXSourcesBuildPhase section */

/* Begin PBXVariantGroup section */
		FBD02567210391F00015593F /* LaunchScreen.storyboard */ = {
			isa = PBXVariantGroup;
			children = (
				FBD02568210391F00015593F /* Base */,
			);
			name = LaunchScreen.storyboard;
			sourceTree = "<group>";
		};
/* End PBXVariantGroup section */

/* Begin XCBuildConfiguration section */
		FBD0256B210391F00015593F /* Debug */ = {
			isa = XCBuildConfiguration;
			buildSettings = {
				ALWAYS_SEARCH_USER_PATHS = NO;
				CLANG_ANALYZER_NONNULL = YES;
				CLANG_ANALYZER_NUMBER_OBJECT_CONVERSION = YES_AGGRESSIVE;
				CLANG_CXX_LANGUAGE_STANDARD = "gnu++14";
				CLANG_CXX_LIBRARY = "libc++";
				CLANG_ENABLE_MODULES = YES;
				CLANG_ENABLE_OBJC_ARC = YES;
				CLANG_ENABLE_OBJC_WEAK = YES;
				CLANG_WARN_BLOCK_CAPTURE_AUTORELEASING = YES;
				CLANG_WARN_BOOL_CONVERSION = YES;
				CLANG_WARN_COMMA = YES;
				CLANG_WARN_CONSTANT_CONVERSION = YES;
				CLANG_WARN_DEPRECATED_OBJC_IMPLEMENTATIONS = YES;
				CLANG_WARN_DIRECT_OBJC_ISA_USAGE = YES_ERROR;
				CLANG_WARN_DOCUMENTATION_COMMENTS = YES;
				CLANG_WARN_EMPTY_BODY = YES;
				CLANG_WARN_ENUM_CONVERSION = YES;
				CLANG_WARN_INFINITE_RECURSION = YES;
				CLANG_WARN_INT_CONVERSION = YES;
				CLANG_WARN_NON_LITERAL_NULL_CONVERSION = YES;
				CLANG_WARN_OBJC_IMPLICIT_RETAIN_SELF = YES;
				CLANG_WARN_OBJC_LITERAL_CONVERSION = YES;
				CLANG_WARN_OBJC_ROOT_CLASS = YES_ERROR;
				CLANG_WARN_RANGE_LOOP_ANALYSIS = YES;
				CLANG_WARN_STRICT_PROTOTYPES = YES;
				CLANG_WARN_SUSPICIOUS_MOVE = YES;
				CLANG_WARN_UNGUARDED_AVAILABILITY = YES_AGGRESSIVE;
				CLANG_WARN_UNREACHABLE_CODE = YES;
				CLANG_WARN__DUPLICATE_METHOD_MATCH = YES;
				CODE_SIGN_IDENTITY = "iPhone Developer";
				COPY_PHASE_STRIP = NO;
				DEBUG_INFORMATION_FORMAT = dwarf;
				ENABLE_STRICT_OBJC_MSGSEND = YES;
				ENABLE_TESTABILITY = YES;
				GCC_C_LANGUAGE_STANDARD = gnu11;
				GCC_DYNAMIC_NO_PIC = NO;
				GCC_NO_COMMON_BLOCKS = YES;
				GCC_OPTIMIZATION_LEVEL = 0;
				GCC_PREPROCESSOR_DEFINITIONS = (
					"DEBUG=1",
					"$(inherited)",
				);
				GCC_WARN_64_TO_32_BIT_CONVERSION = YES;
				GCC_WARN_ABOUT_RETURN_TYPE = YES_ERROR;
				GCC_WARN_UNDECLARED_SELECTOR = YES;
				GCC_WARN_UNINITIALIZED_AUTOS = YES_AGGRESSIVE;
				GCC_WARN_UNUSED_FUNCTION = YES;
				GCC_WARN_UNUSED_VARIABLE = YES;
				IPHONEOS_DEPLOYMENT_TARGET = 11.4;
				MTL_ENABLE_DEBUG_INFO = YES;
				ONLY_ACTIVE_ARCH = YES;
				SDKROOT = iphoneos;
				SWIFT_ACTIVE_COMPILATION_CONDITIONS = DEBUG;
				SWIFT_OPTIMIZATION_LEVEL = "-Onone";
			};
			name = Debug;
		};
		FBD0256C210391F00015593F /* Release */ = {
			isa = XCBuildConfiguration;
			buildSettings = {
				ALWAYS_SEARCH_USER_PATHS = NO;
				CLANG_ANALYZER_NONNULL = YES;
				CLANG_ANALYZER_NUMBER_OBJECT_CONVERSION = YES_AGGRESSIVE;
				CLANG_CXX_LANGUAGE_STANDARD = "gnu++14";
				CLANG_CXX_LIBRARY = "libc++";
				CLANG_ENABLE_MODULES = YES;
				CLANG_ENABLE_OBJC_ARC = YES;
				CLANG_ENABLE_OBJC_WEAK = YES;
				CLANG_WARN_BLOCK_CAPTURE_AUTORELEASING = YES;
				CLANG_WARN_BOOL_CONVERSION = YES;
				CLANG_WARN_COMMA = YES;
				CLANG_WARN_CONSTANT_CONVERSION = YES;
				CLANG_WARN_DEPRECATED_OBJC_IMPLEMENTATIONS = YES;
				CLANG_WARN_DIRECT_OBJC_ISA_USAGE = YES_ERROR;
				CLANG_WARN_DOCUMENTATION_COMMENTS = YES;
				CLANG_WARN_EMPTY_BODY = YES;
				CLANG_WARN_ENUM_CONVERSION = YES;
				CLANG_WARN_INFINITE_RECURSION = YES;
				CLANG_WARN_INT_CONVERSION = YES;
				CLANG_WARN_NON_LITERAL_NULL_CONVERSION = YES;
				CLANG_WARN_OBJC_IMPLICIT_RETAIN_SELF = YES;
				CLANG_WARN_OBJC_LITERAL_CONVERSION = YES;
				CLANG_WARN_OBJC_ROOT_CLASS = YES_ERROR;
				CLANG_WARN_RANGE_LOOP_ANALYSIS = YES;
				CLANG_WARN_STRICT_PROTOTYPES = YES;
				CLANG_WARN_SUSPICIOUS_MOVE = YES;
				CLANG_WARN_UNGUARDED_AVAILABILITY = YES_AGGRESSIVE;
				CLANG_WARN_UNREACHABLE_CODE = YES;
				CLANG_WARN__DUPLICATE_METHOD_MATCH = YES;
				CODE_SIGN_IDENTITY = "iPhone Developer";
				COPY_PHASE_STRIP = NO;
				DEBUG_INFORMATION_FORMAT = "dwarf-with-dsym";
				ENABLE_NS_ASSERTIONS = NO;
				ENABLE_STRICT_OBJC_MSGSEND = YES;
				GCC_C_LANGUAGE_STANDARD = gnu11;
				GCC_NO_COMMON_BLOCKS = YES;
				GCC_WARN_64_TO_32_BIT_CONVERSION = YES;
				GCC_WARN_ABOUT_RETURN_TYPE = YES_ERROR;
				GCC_WARN_UNDECLARED_SELECTOR = YES;
				GCC_WARN_UNINITIALIZED_AUTOS = YES_AGGRESSIVE;
				GCC_WARN_UNUSED_FUNCTION = YES;
				GCC_WARN_UNUSED_VARIABLE = YES;
				IPHONEOS_DEPLOYMENT_TARGET = 11.4;
				MTL_ENABLE_DEBUG_INFO = NO;
				SDKROOT = iphoneos;
				SWIFT_COMPILATION_MODE = wholemodule;
				SWIFT_OPTIMIZATION_LEVEL = "-O";
				VALIDATE_PRODUCT = YES;
			};
			name = Release;
		};
		FBD0256E210391F00015593F /* Debug */ = {
			isa = XCBuildConfiguration;
			baseConfigurationReference = 47B95C65378DBDDA5BCDCD65 /* Pods-Swift autolayout example.debug.xcconfig */;
			buildSettings = {
				ASSETCATALOG_COMPILER_APPICON_NAME = AppIcon;
				CODE_SIGN_STYLE = Automatic;
				DEVELOPMENT_TEAM = SC9P733Y74;
				INFOPLIST_FILE = "Swift autolayout example/Info.plist";
				LD_RUNPATH_SEARCH_PATHS = (
					"$(inherited)",
					"@executable_path/Frameworks",
				);
				PRODUCT_BUNDLE_IDENTIFIER = "uk.co.haiderashfaq.Swift-autolayout-example";
				PRODUCT_NAME = "$(TARGET_NAME)";
				SWIFT_VERSION = 4.0;
				TARGETED_DEVICE_FAMILY = "1,2";
			};
			name = Debug;
		};
		FBD0256F210391F00015593F /* Release */ = {
			isa = XCBuildConfiguration;
			baseConfigurationReference = 52C7B4559B95A1DD837CD380 /* Pods-Swift autolayout example.release.xcconfig */;
			buildSettings = {
				ASSETCATALOG_COMPILER_APPICON_NAME = AppIcon;
				CODE_SIGN_STYLE = Automatic;
				DEVELOPMENT_TEAM = SC9P733Y74;
				INFOPLIST_FILE = "Swift autolayout example/Info.plist";
				LD_RUNPATH_SEARCH_PATHS = (
					"$(inherited)",
					"@executable_path/Frameworks",
				);
				PRODUCT_BUNDLE_IDENTIFIER = "uk.co.haiderashfaq.Swift-autolayout-example";
				PRODUCT_NAME = "$(TARGET_NAME)";
				SWIFT_VERSION = 4.0;
				TARGETED_DEVICE_FAMILY = "1,2";
			};
			name = Release;
		};
/* End XCBuildConfiguration section */

/* Begin XCConfigurationList section */
		FBD02556210391EE0015593F /* Build configuration list for PBXProject "Swift autolayout example" */ = {
			isa = XCConfigurationList;
			buildConfigurations = (
				FBD0256B210391F00015593F /* Debug */,
				FBD0256C210391F00015593F /* Release */,
			);
			defaultConfigurationIsVisible = 0;
			defaultConfigurationName = Release;
		};
		FBD0256D210391F00015593F /* Build configuration list for PBXNativeTarget "Swift autolayout example" */ = {
			isa = XCConfigurationList;
			buildConfigurations = (
				FBD0256E210391F00015593F /* Debug */,
				FBD0256F210391F00015593F /* Release */,
			);
			defaultConfigurationIsVisible = 0;
			defaultConfigurationName = Release;
		};
/* End XCConfigurationList section */
	};
	rootObject = FBD02553210391EE0015593F /* Project object */;
}
